
Microsoft Visual Studio Solution File, Format Version 12.00
# Visual Studio Version 17
VisualStudioVersion = 17.4.33213.308
MinimumVisualStudioVersion = 10.0.40219.1
Project("{9A19103F-16F7-4668-BE54-9A1E7A4F7556}") = "AvilaNaturalle", "AvilaNaturalle.csproj", "{7FAC11F4-9CA2-4C5A-8BF1-124C6D549402}"
EndProject
Global
	GlobalSection(SolutionConfigurationPlatforms) = preSolution
		Debug|Any CPU = Debug|Any CPU
		Release|Any CPU = Release|Any CPU
	EndGlobalSection
	GlobalSection(ProjectConfigurationPlatforms) = postSolution
		{7FAC11F4-9CA2-4C5A-8BF1-124C6D549402}.Debug|Any CPU.ActiveCfg = Debug|Any CPU
		{7FAC11F4-9CA2-4C5A-8BF1-124C6D549402}.Debug|Any CPU.Build.0 = Debug|Any CPU
		{7FAC11F4-9CA2-4C5A-8BF1-124C6D549402}.Release|Any CPU.ActiveCfg = Release|Any CPU
		{7FAC11F4-9CA2-4C5A-8BF1-124C6D549402}.Release|Any CPU.Build.0 = Release|Any CPU
	EndGlobalSection
	GlobalSection(SolutionProperties) = preSolution
		HideSolutionNode = FALSE
	EndGlobalSection
	GlobalSection(ExtensibilityGlobals) = postSolution
		SolutionGuid = {4FD23745-6230-4FE9-AB65-019D160F6652}
	EndGlobalSection
EndGlobal
